# This file is autogenerated, do not edit; changes may be undone by the next 'dep ensure'.


[[projects]]
  branch = "master"
  digest = "1:10085e488c61b17285342e8b5a92b70da74a262b8ebb95e44faa75af28c62fbd"
  name = "github.com/go-gl/gl"
  packages = ["v4.1-core/gl"]
  pruneopts = "T"
  revision = "68e2537930806bfcee1b92a0e14b4e9b8bb3a3e3"

[[projects]]
  branch = "master"
  digest = "1:0194a10bc9d7dc918af501507a1ebbf595d807a8367fd070023e9f18f530efef"
  name = "github.com/go-gl/glfw"
  packages = ["v3.2/glfw"]
  pruneopts = "T"
  revision = "2484f3e51bc432ea9f7daa182e418d5522201176"

[[projects]]
  branch = "master"
  digest = "1:96efbf2dc2ea4bfbf05f7495c74d242876ab1fcc2ff1c82b9c33cd07c4017e67"
  name = "github.com/go-gl/mathgl"
  packages = ["mgl32"]
  pruneopts = "T"
  revision = "cdf14b6b8f8a4a1bfb003dd5119205c5f711d85a"

[[projects]]
  branch = "master"
  digest = "1:be8830e3280a74ddbaa6b57ea0f431dac2c6aba7f91456073dc14171791d7b50"
  name = "golang.org/x/image"
  packages = ["math/f32"]
  pruneopts = "T"
  revision = "c73c2afc3b812cdd6385de5a50616511c4a3d458"

[solve-meta]
  analyzer-name = "dep"
  analyzer-version = 1
  input-imports = [
    "github.com/go-gl/gl/v4.1-core/gl",
    "github.com/go-gl/glfw/v3.2/glfw",
    "github.com/go-gl/mathgl/mgl32",
  ]
  solver-name = "gps-cdcl"
  solver-version = 1
