# This file is autogenerated, do not edit; changes may be undone by the next 'dep ensure'.


[[projects]]
  branch = "master"
  digest = "1:0551e74bbfb375a8e77410a146fc6f7a37e133fb058b0d7187d7ea7f3464f014"
  name = "github.com/ByteArena/box2d"
  packages = ["."]
  pruneopts = "T"
  revision = "f2dce76a2bc7af8ed9d8ad3b88ef213482782e8a"

[[projects]]
  branch = "master"
  digest = "1:355fd61339c300d8ce36495d278855893220bac8283d65a04b94fe4db201952e"
  name = "github.com/go-gl/gl"
  packages = ["v4.1-core/gl"]
  pruneopts = "T"
  revision = "68e2537930806bfcee1b92a0e14b4e9b8bb3a3e3"

[[projects]]
  branch = "master"
  digest = "1:de831c589224e912662a0334495df23b7619796e9bbede6b8a44eaaffc635272"
  name = "github.com/go-gl/glfw"
  packages = ["v3.2/glfw"]
  pruneopts = "T"
  revision = "2484f3e51bc432ea9f7daa182e418d5522201176"

[[projects]]
  branch = "master"
  digest = "1:d9a28ab10799bbb0ae29c7ad010083f05cafb81593b104783c871586fade3a56"
  name = "github.com/go-gl/mathgl"
  packages = [
    "mgl32",
    "mgl64",
  ]
  pruneopts = "T"
  revision = "cdf14b6b8f8a4a1bfb003dd5119205c5f711d85a"

[[projects]]
  branch = "master"
  digest = "1:2345043c4644e9768dd167146699b0e13b955b7f743273abe0480c46bffb342e"
  name = "github.com/maxfish/go-b2dJson"
  packages = ["."]
  pruneopts = "T"
  revision = "fa122cd6c4a0e6d6727110bb2649eb222a321c92"

[[projects]]
  branch = "master"
  digest = "1:d3d40b0b54590e8128f50f10e8840c176276742b2b61906e8c757db25fa556f6"
  name = "golang.org/x/image"
  packages = [
    "math/f32",
    "math/f64",
  ]
  pruneopts = "T"
  revision = "c73c2afc3b812cdd6385de5a50616511c4a3d458"

[solve-meta]
  analyzer-name = "dep"
  analyzer-version = 1
  input-imports = [
    "github.com/ByteArena/box2d",
    "github.com/go-gl/gl/v4.1-core/gl",
    "github.com/go-gl/glfw/v3.2/glfw",
    "github.com/go-gl/mathgl/mgl32",
    "github.com/go-gl/mathgl/mgl64",
    "github.com/maxfish/go-b2dJson",
  ]
  solver-name = "gps-cdcl"
  solver-version = 1
